
Microsoft Visual Studio Solution File, Format Version 12.00
# Visual Studio 2013
VisualStudioVersion = 12.0.40629.0
MinimumVisualStudioVersion = 10.0.40219.1
Project("{FAE04EC0-301F-11D3-BF4B-00C04F79EFBC}") = "OOB", "OOB\OOB.csproj", "{E2D2A709-86B4-4801-ADFE-D16CE6B272A5}"
EndProject
Project("{FAE04EC0-301F-11D3-BF4B-00C04F79EFBC}") = "MovVenta", "MovVenta\MovVenta.csproj", "{300EA6DF-D9EE-49EE-B6F2-A497BF3B3EDF}"
EndProject
Project("{FAE04EC0-301F-11D3-BF4B-00C04F79EFBC}") = "DataProviderVenta", "DataProviderVenta\DataProviderVenta.csproj", "{8C3F299C-365B-43E1-A993-865E8F34FBE0}"
EndProject
Project("{FAE04EC0-301F-11D3-BF4B-00C04F79EFBC}") = "ModPos", "ModPos\ModPos.csproj", "{F1157BCB-3A86-470B-9BFE-B167D9C392B4}"
EndProject
Project("{FAE04EC0-301F-11D3-BF4B-00C04F79EFBC}") = "DataProvPosOffLine", "DataProvPosOffLine\DataProvPosOffLine.csproj", "{5907B4FC-499D-46C4-B3AA-BCF099E7AC3B}"
EndProject
Project("{FAE04EC0-301F-11D3-BF4B-00C04F79EFBC}") = "ModInventario", "ModInventario\ModInventario.csproj", "{3A859130-2876-4514-84A5-D54C359F197A}"
EndProject
Project("{FAE04EC0-301F-11D3-BF4B-00C04F79EFBC}") = "DataProvInventario", "DataProvInventario\DataProvInventario.csproj", "{9BB9B2D0-8FB0-4064-A677-E28DD79EFE68}"
EndProject
Project("{FAE04EC0-301F-11D3-BF4B-00C04F79EFBC}") = "DataProvCajaBanco", "DataProvCajaBanco\DataProvCajaBanco.csproj", "{067B95BA-0F56-443C-960A-43E37B074792}"
EndProject
Project("{FAE04EC0-301F-11D3-BF4B-00C04F79EFBC}") = "ModCajaBanco", "ModCajaBanco\ModCajaBanco.csproj", "{88FB2695-BBA7-41FD-8E7E-8B0C64FEE99F}"
EndProject
Project("{FAE04EC0-301F-11D3-BF4B-00C04F79EFBC}") = "LibControles", "LibControles\LibControles.csproj", "{1ED1D146-C74F-41D5-92FD-2F651C40698E}"
EndProject
Global
	GlobalSection(SolutionConfigurationPlatforms) = preSolution
		Debug|Any CPU = Debug|Any CPU
		Release|Any CPU = Release|Any CPU
	EndGlobalSection
	GlobalSection(ProjectConfigurationPlatforms) = postSolution
		{E2D2A709-86B4-4801-ADFE-D16CE6B272A5}.Debug|Any CPU.ActiveCfg = Debug|Any CPU
		{E2D2A709-86B4-4801-ADFE-D16CE6B272A5}.Debug|Any CPU.Build.0 = Debug|Any CPU
		{E2D2A709-86B4-4801-ADFE-D16CE6B272A5}.Release|Any CPU.ActiveCfg = Release|Any CPU
		{E2D2A709-86B4-4801-ADFE-D16CE6B272A5}.Release|Any CPU.Build.0 = Release|Any CPU
		{300EA6DF-D9EE-49EE-B6F2-A497BF3B3EDF}.Debug|Any CPU.ActiveCfg = Debug|Any CPU
		{300EA6DF-D9EE-49EE-B6F2-A497BF3B3EDF}.Debug|Any CPU.Build.0 = Debug|Any CPU
		{300EA6DF-D9EE-49EE-B6F2-A497BF3B3EDF}.Release|Any CPU.ActiveCfg = Release|Any CPU
		{300EA6DF-D9EE-49EE-B6F2-A497BF3B3EDF}.Release|Any CPU.Build.0 = Release|Any CPU
		{8C3F299C-365B-43E1-A993-865E8F34FBE0}.Debug|Any CPU.ActiveCfg = Debug|Any CPU
		{8C3F299C-365B-43E1-A993-865E8F34FBE0}.Debug|Any CPU.Build.0 = Debug|Any CPU
		{8C3F299C-365B-43E1-A993-865E8F34FBE0}.Release|Any CPU.ActiveCfg = Release|Any CPU
		{8C3F299C-365B-43E1-A993-865E8F34FBE0}.Release|Any CPU.Build.0 = Release|Any CPU
		{F1157BCB-3A86-470B-9BFE-B167D9C392B4}.Debug|Any CPU.ActiveCfg = Debug|Any CPU
		{F1157BCB-3A86-470B-9BFE-B167D9C392B4}.Debug|Any CPU.Build.0 = Debug|Any CPU
		{F1157BCB-3A86-470B-9BFE-B167D9C392B4}.Release|Any CPU.ActiveCfg = Release|Any CPU
		{F1157BCB-3A86-470B-9BFE-B167D9C392B4}.Release|Any CPU.Build.0 = Release|Any CPU
		{5907B4FC-499D-46C4-B3AA-BCF099E7AC3B}.Debug|Any CPU.ActiveCfg = Debug|Any CPU
		{5907B4FC-499D-46C4-B3AA-BCF099E7AC3B}.Debug|Any CPU.Build.0 = Debug|Any CPU
		{5907B4FC-499D-46C4-B3AA-BCF099E7AC3B}.Release|Any CPU.ActiveCfg = Release|Any CPU
		{5907B4FC-499D-46C4-B3AA-BCF099E7AC3B}.Release|Any CPU.Build.0 = Release|Any CPU
		{3A859130-2876-4514-84A5-D54C359F197A}.Debug|Any CPU.ActiveCfg = Debug|Any CPU
		{3A859130-2876-4514-84A5-D54C359F197A}.Debug|Any CPU.Build.0 = Debug|Any CPU
		{3A859130-2876-4514-84A5-D54C359F197A}.Release|Any CPU.ActiveCfg = Release|Any CPU
		{3A859130-2876-4514-84A5-D54C359F197A}.Release|Any CPU.Build.0 = Release|Any CPU
		{9BB9B2D0-8FB0-4064-A677-E28DD79EFE68}.Debug|Any CPU.ActiveCfg = Debug|Any CPU
		{9BB9B2D0-8FB0-4064-A677-E28DD79EFE68}.Debug|Any CPU.Build.0 = Debug|Any CPU
		{9BB9B2D0-8FB0-4064-A677-E28DD79EFE68}.Release|Any CPU.ActiveCfg = Release|Any CPU
		{9BB9B2D0-8FB0-4064-A677-E28DD79EFE68}.Release|Any CPU.Build.0 = Release|Any CPU
		{067B95BA-0F56-443C-960A-43E37B074792}.Debug|Any CPU.ActiveCfg = Debug|Any CPU
		{067B95BA-0F56-443C-960A-43E37B074792}.Debug|Any CPU.Build.0 = Debug|Any CPU
		{067B95BA-0F56-443C-960A-43E37B074792}.Release|Any CPU.ActiveCfg = Release|Any CPU
		{067B95BA-0F56-443C-960A-43E37B074792}.Release|Any CPU.Build.0 = Release|Any CPU
		{88FB2695-BBA7-41FD-8E7E-8B0C64FEE99F}.Debug|Any CPU.ActiveCfg = Debug|Any CPU
		{88FB2695-BBA7-41FD-8E7E-8B0C64FEE99F}.Debug|Any CPU.Build.0 = Debug|Any CPU
		{88FB2695-BBA7-41FD-8E7E-8B0C64FEE99F}.Release|Any CPU.ActiveCfg = Release|Any CPU
		{88FB2695-BBA7-41FD-8E7E-8B0C64FEE99F}.Release|Any CPU.Build.0 = Release|Any CPU
		{1ED1D146-C74F-41D5-92FD-2F651C40698E}.Debug|Any CPU.ActiveCfg = Debug|Any CPU
		{1ED1D146-C74F-41D5-92FD-2F651C40698E}.Debug|Any CPU.Build.0 = Debug|Any CPU
		{1ED1D146-C74F-41D5-92FD-2F651C40698E}.Release|Any CPU.ActiveCfg = Release|Any CPU
		{1ED1D146-C74F-41D5-92FD-2F651C40698E}.Release|Any CPU.Build.0 = Release|Any CPU
	EndGlobalSection
	GlobalSection(SolutionProperties) = preSolution
		HideSolutionNode = FALSE
	EndGlobalSection
EndGlobal
